
Microsoft Visual Studio Solution File, Format Version 12.00
# Visual Studio Version 17
VisualStudioVersion = 17.11.35303.130
MinimumVisualStudioVersion = 10.0.40219.1
Project("{FAE04EC0-301F-11D3-BF4B-00C04F79EFBC}") = "practice_log_in_add_delete_view", "practice_log_in_add_delete_view\practice_log_in_add_delete_view.csproj", "{26F3424A-CD39-4024-8252-E1FFBDD9D5E0}"
EndProject
Global
	GlobalSection(SolutionConfigurationPlatforms) = preSolution
		Debug|Any CPU = Debug|Any CPU
		Release|Any CPU = Release|Any CPU
	EndGlobalSection
	GlobalSection(ProjectConfigurationPlatforms) = postSolution
		{26F3424A-CD39-4024-8252-E1FFBDD9D5E0}.Debug|Any CPU.ActiveCfg = Debug|Any CPU
		{26F3424A-CD39-4024-8252-E1FFBDD9D5E0}.Debug|Any CPU.Build.0 = Debug|Any CPU
		{26F3424A-CD39-4024-8252-E1FFBDD9D5E0}.Release|Any CPU.ActiveCfg = Release|Any CPU
		{26F3424A-CD39-4024-8252-E1FFBDD9D5E0}.Release|Any CPU.Build.0 = Release|Any CPU
	EndGlobalSection
	GlobalSection(SolutionProperties) = preSolution
		HideSolutionNode = FALSE
	EndGlobalSection
	GlobalSection(ExtensibilityGlobals) = postSolution
		SolutionGuid = {88CD9037-9E8F-4B6F-BFF0-5F0E36A74B17}
	EndGlobalSection
EndGlobal
